
Microsoft Visual Studio Solution File, Format Version 12.00
# Visual Studio Version 17
VisualStudioVersion = 17.7.34202.233
MinimumVisualStudioVersion = 10.0.40219.1
Project("{FAE04EC0-301F-11D3-BF4B-00C04F79EFBC}") = "DapperORACLE", "DapperORACLE\DapperORACLE.csproj", "{B14445EA-43AC-44B7-BA87-A38D2A0CDE25}"
EndProject
Global
	GlobalSection(SolutionConfigurationPlatforms) = preSolution
		Debug|Any CPU = Debug|Any CPU
		Release|Any CPU = Release|Any CPU
	EndGlobalSection
	GlobalSection(ProjectConfigurationPlatforms) = postSolution
		{B14445EA-43AC-44B7-BA87-A38D2A0CDE25}.Debug|Any CPU.ActiveCfg = Debug|Any CPU
		{B14445EA-43AC-44B7-BA87-A38D2A0CDE25}.Debug|Any CPU.Build.0 = Debug|Any CPU
		{B14445EA-43AC-44B7-BA87-A38D2A0CDE25}.Release|Any CPU.ActiveCfg = Release|Any CPU
		{B14445EA-43AC-44B7-BA87-A38D2A0CDE25}.Release|Any CPU.Build.0 = Release|Any CPU
	EndGlobalSection
	GlobalSection(SolutionProperties) = preSolution
		HideSolutionNode = FALSE
	EndGlobalSection
	GlobalSection(ExtensibilityGlobals) = postSolution
		SolutionGuid = {E1CCF72A-99DA-4F1D-88AB-C9EF6EDB3E98}
	EndGlobalSection
EndGlobal
